
Microsoft Visual Studio Solution File, Format Version 12.00
# Visual Studio 15
VisualStudioVersion = 15.0.28010.2026
MinimumVisualStudioVersion = 10.0.40219.1
Project("{2150E333-8FDC-42A3-9474-1A3956D46DE8}") = "Tests", "Tests", "{533683F1-B92C-4149-A2AD-6045623BC6D8}"
EndProject
Project("{2150E333-8FDC-42A3-9474-1A3956D46DE8}") = "Samples", "Samples", "{C7DE2A3B-583C-4A61-AB17-F68B729BCBC6}"
EndProject
Project("{9A19103F-16F7-4668-BE54-9A1E7A4F7556}") = "EFCore.Toolkit.Tests", "Tests\EFCore.Toolkit.Tests\EFCore.Toolkit.Tests.csproj", "{139723B2-B2E4-469A-93EF-08F88981A5DC}"
EndProject
Project("{9A19103F-16F7-4668-BE54-9A1E7A4F7556}") = "EFCore.Toolkit", "EFCore.Toolkit\EFCore.Toolkit.csproj", "{BB2CFD38-0F40-4C10-AD5E-2C79F50F95F2}"
EndProject
Project("{9A19103F-16F7-4668-BE54-9A1E7A4F7556}") = "EFCore.Toolkit.Abstractions", "EFCore.Toolkit.Contracts\EFCore.Toolkit.Abstractions.csproj", "{88F192BE-A2C5-4533-8376-B7838004947C}"
EndProject
Project("{2150E333-8FDC-42A3-9474-1A3956D46DE8}") = "Solution Items", "Solution Items", "{74445271-DF27-4206-8B26-1203CB23FCD6}"
	ProjectSection(SolutionItems) = preProject
		build.yml = build.yml
		logo.png = logo.png
		README.md = README.md
	EndProjectSection
EndProject
Project("{9A19103F-16F7-4668-BE54-9A1E7A4F7556}") = "ToolkitSample.DataAccess", "Samples\ToolkitSample.DataAccess\ToolkitSample.DataAccess.csproj", "{FB809EAA-A63F-457D-9662-57C0D1BE0135}"
EndProject
Project("{9A19103F-16F7-4668-BE54-9A1E7A4F7556}") = "ToolkitSample.Model", "Samples\ToolkitSample.Model\ToolkitSample.Model.csproj", "{C167C359-24B5-42A5-A47D-0A945BA14D08}"
EndProject
Project("{9A19103F-16F7-4668-BE54-9A1E7A4F7556}") = "ToolkitSample.Console", "Samples\ToolkitSample.Console\ToolkitSample.Console.csproj", "{9C9DD3AA-DE94-436C-A2E7-82E221E830E6}"
EndProject
Project("{9A19103F-16F7-4668-BE54-9A1E7A4F7556}") = "ToolkitSample.DataAccess.Contracts", "Samples\ToolkitSample.DataAccess.Contracts\ToolkitSample.DataAccess.Contracts.csproj", "{AA2A8369-7199-4F71-A96E-151324C44F1A}"
EndProject
Global
	GlobalSection(SolutionConfigurationPlatforms) = preSolution
		Debug|Any CPU = Debug|Any CPU
		Release|Any CPU = Release|Any CPU
	EndGlobalSection
	GlobalSection(ProjectConfigurationPlatforms) = postSolution
		{139723B2-B2E4-469A-93EF-08F88981A5DC}.Debug|Any CPU.ActiveCfg = Debug|Any CPU
		{139723B2-B2E4-469A-93EF-08F88981A5DC}.Debug|Any CPU.Build.0 = Debug|Any CPU
		{139723B2-B2E4-469A-93EF-08F88981A5DC}.Release|Any CPU.ActiveCfg = Release|Any CPU
		{139723B2-B2E4-469A-93EF-08F88981A5DC}.Release|Any CPU.Build.0 = Release|Any CPU
		{BB2CFD38-0F40-4C10-AD5E-2C79F50F95F2}.Debug|Any CPU.ActiveCfg = Debug|Any CPU
		{BB2CFD38-0F40-4C10-AD5E-2C79F50F95F2}.Debug|Any CPU.Build.0 = Debug|Any CPU
		{BB2CFD38-0F40-4C10-AD5E-2C79F50F95F2}.Release|Any CPU.ActiveCfg = Release|Any CPU
		{BB2CFD38-0F40-4C10-AD5E-2C79F50F95F2}.Release|Any CPU.Build.0 = Release|Any CPU
		{88F192BE-A2C5-4533-8376-B7838004947C}.Debug|Any CPU.ActiveCfg = Debug|Any CPU
		{88F192BE-A2C5-4533-8376-B7838004947C}.Debug|Any CPU.Build.0 = Debug|Any CPU
		{88F192BE-A2C5-4533-8376-B7838004947C}.Release|Any CPU.ActiveCfg = Release|Any CPU
		{88F192BE-A2C5-4533-8376-B7838004947C}.Release|Any CPU.Build.0 = Release|Any CPU
		{FB809EAA-A63F-457D-9662-57C0D1BE0135}.Debug|Any CPU.ActiveCfg = Debug|Any CPU
		{FB809EAA-A63F-457D-9662-57C0D1BE0135}.Debug|Any CPU.Build.0 = Debug|Any CPU
		{FB809EAA-A63F-457D-9662-57C0D1BE0135}.Release|Any CPU.ActiveCfg = Release|Any CPU
		{FB809EAA-A63F-457D-9662-57C0D1BE0135}.Release|Any CPU.Build.0 = Release|Any CPU
		{C167C359-24B5-42A5-A47D-0A945BA14D08}.Debug|Any CPU.ActiveCfg = Debug|Any CPU
		{C167C359-24B5-42A5-A47D-0A945BA14D08}.Debug|Any CPU.Build.0 = Debug|Any CPU
		{C167C359-24B5-42A5-A47D-0A945BA14D08}.Release|Any CPU.ActiveCfg = Release|Any CPU
		{C167C359-24B5-42A5-A47D-0A945BA14D08}.Release|Any CPU.Build.0 = Release|Any CPU
		{9C9DD3AA-DE94-436C-A2E7-82E221E830E6}.Debug|Any CPU.ActiveCfg = Debug|Any CPU
		{9C9DD3AA-DE94-436C-A2E7-82E221E830E6}.Debug|Any CPU.Build.0 = Debug|Any CPU
		{9C9DD3AA-DE94-436C-A2E7-82E221E830E6}.Release|Any CPU.ActiveCfg = Release|Any CPU
		{9C9DD3AA-DE94-436C-A2E7-82E221E830E6}.Release|Any CPU.Build.0 = Release|Any CPU
		{AA2A8369-7199-4F71-A96E-151324C44F1A}.Debug|Any CPU.ActiveCfg = Debug|Any CPU
		{AA2A8369-7199-4F71-A96E-151324C44F1A}.Debug|Any CPU.Build.0 = Debug|Any CPU
		{AA2A8369-7199-4F71-A96E-151324C44F1A}.Release|Any CPU.ActiveCfg = Release|Any CPU
		{AA2A8369-7199-4F71-A96E-151324C44F1A}.Release|Any CPU.Build.0 = Release|Any CPU
	EndGlobalSection
	GlobalSection(SolutionProperties) = preSolution
		HideSolutionNode = FALSE
	EndGlobalSection
	GlobalSection(NestedProjects) = preSolution
		{139723B2-B2E4-469A-93EF-08F88981A5DC} = {533683F1-B92C-4149-A2AD-6045623BC6D8}
		{FB809EAA-A63F-457D-9662-57C0D1BE0135} = {C7DE2A3B-583C-4A61-AB17-F68B729BCBC6}
		{C167C359-24B5-42A5-A47D-0A945BA14D08} = {C7DE2A3B-583C-4A61-AB17-F68B729BCBC6}
		{9C9DD3AA-DE94-436C-A2E7-82E221E830E6} = {C7DE2A3B-583C-4A61-AB17-F68B729BCBC6}
		{AA2A8369-7199-4F71-A96E-151324C44F1A} = {C7DE2A3B-583C-4A61-AB17-F68B729BCBC6}
	EndGlobalSection
	GlobalSection(ExtensibilityGlobals) = postSolution
		SolutionGuid = {5917E2A1-8C21-48EF-BD3E-9D1B134F8092}
	EndGlobalSection
EndGlobal
